github.com/google/uuid v1.3.0 h1:t6JiXgmwXMjEs8VusXIJk2BXHsn+wx8BZdTaoZ5fu7I=
github.com/google/uuid v1.3.0/go.mod h1:TIyPZe4MgqvfeYDBFedMoGGpEw/LqOeaOT+nhxU+yHo=
github.com/ruffrey/smtpd v0.0.0-20200731142831-984ea2020667 h1:1nDnlkThltW93+1wIqqj+IofYELjHGRUoWPGsNBdKdU=
github.com/ruffrey/smtpd v0.0.0-20200731142831-984ea2020667/go.mod h1:lxvEVAuI8YnUwbKeE7pxMRZG6wm+fGdNuQ7RsF0enbk=
